// !$*UTF8*$!
{
	archiveVersion = 1;
	classes = {
	};
	objectVersion = 50;
	objects = {

/* Begin PBXBuildFile section */
		2D03BD562111B53500E2AC48 /* FFmpeg.framework in Frameworks */ = {isa = PBXBuildFile; fileRef = 2D03BD552111B53500E2AC48 /* FFmpeg.framework */; };
		2D03BD5D2111B5D500E2AC48 /* FFmpeg.framework in Embed Frameworks */ = {isa = PBXBuildFile; fileRef = 2D03BD552111B53500E2AC48 /* FFmpeg.framework */; settings = {ATTRIBUTES = (CodeSignOnCopy, RemoveHeadersOnCopy, ); }; };
		2D03BD652111B7B500E2AC48 /* libz.tbd in Frameworks */ = {isa = PBXBuildFile; fileRef = 2D03BD642111B7B500E2AC48 /* libz.tbd */; };
		2D03BD672111B7BD00E2AC48 /* libbz2.tbd in Frameworks */ = {isa = PBXBuildFile; fileRef = 2D03BD662111B7BD00E2AC48 /* libbz2.tbd */; };
		2D03BD692111B7C600E2AC48 /* libiconv.tbd in Frameworks */ = {isa = PBXBuildFile; fileRef = 2D03BD682111B7C600E2AC48 /* libiconv.tbd */; };
		2D03BD6B2111B7E600E2AC48 /* AudioToolbox.framework in Frameworks */ = {isa = PBXBuildFile; fileRef = 2D03BD6A2111B7E600E2AC48 /* AudioToolbox.framework */; };
		2D03BD6D2111B7EE00E2AC48 /* VideoToolbox.framework in Frameworks */ = {isa = PBXBuildFile; fileRef = 2D03BD6C2111B7EE00E2AC48 /* VideoToolbox.framework */; };
		2DDF10F32111B4C300BBEC35 /* AppDelegate.swift in Sources */ = {isa = PBXBuildFile; fileRef = 2DDF10F22111B4C300BBEC35 /* AppDelegate.swift */; };
		2DDF10F52111B4C300BBEC35 /* ViewController.swift in Sources */ = {isa = PBXBuildFile; fileRef = 2DDF10F42111B4C300BBEC35 /* ViewController.swift */; };
		2DDF10F82111B4C300BBEC35 /* Main.storyboard in Resources */ = {isa = PBXBuildFile; fileRef = 2DDF10F62111B4C300BBEC35 /* Main.storyboard */; };
		2DDF10FA2111B4C400BBEC35 /* Assets.xcassets in Resources */ = {isa = PBXBuildFile; fileRef = 2DDF10F92111B4C400BBEC35 /* Assets.xcassets */; };
		2DDF10FD2111B4C400BBEC35 /* LaunchScreen.storyboard in Resources */ = {isa = PBXBuildFile; fileRef = 2DDF10FB2111B4C400BBEC35 /* LaunchScreen.storyboard */; };
/* End PBXBuildFile section */

/* Begin PBXCopyFilesBuildPhase section */
		2D03BD5E2111B5D500E2AC48 /* Embed Frameworks */ = {
			isa = PBXCopyFilesBuildPhase;
			buildActionMask = 2147483647;
			dstPath = "";
			dstSubfolderSpec = 10;
			files = (
				2D03BD5D2111B5D500E2AC48 /* FFmpeg.framework in Embed Frameworks */,
			);
			name = "Embed Frameworks";
			runOnlyForDeploymentPostprocessing = 0;
		};
/* End PBXCopyFilesBuildPhase section */

/* Begin PBXFileReference section */
		2D03BD552111B53500E2AC48 /* FFmpeg.framework */ = {isa = PBXFileReference; lastKnownFileType = wrapper.framework; path = FFmpeg.framework; sourceTree = "<group>"; };
		2D03BD642111B7B500E2AC48 /* libz.tbd */ = {isa = PBXFileReference; lastKnownFileType = "sourcecode.text-based-dylib-definition"; name = libz.tbd; path = usr/lib/libz.tbd; sourceTree = SDKROOT; };
		2D03BD662111B7BD00E2AC48 /* libbz2.tbd */ = {isa = PBXFileReference; lastKnownFileType = "sourcecode.text-based-dylib-definition"; name = libbz2.tbd; path = usr/lib/libbz2.tbd; sourceTree = SDKROOT; };
		2D03BD682111B7C600E2AC48 /* libiconv.tbd */ = {isa = PBXFileReference; lastKnownFileType = "sourcecode.text-based-dylib-definition"; name = libiconv.tbd; path = usr/lib/libiconv.tbd; sourceTree = SDKROOT; };
		2D03BD6A2111B7E600E2AC48 /* AudioToolbox.framework */ = {isa = PBXFileReference; lastKnownFileType = wrapper.framework; name = AudioToolbox.framework; path = System/Library/Frameworks/AudioToolbox.framework; sourceTree = SDKROOT; };
		2D03BD6C2111B7EE00E2AC48 /* VideoToolbox.framework */ = {isa = PBXFileReference; lastKnownFileType = wrapper.framework; name = VideoToolbox.framework; path = System/Library/Frameworks/VideoToolbox.framework; sourceTree = SDKROOT; };
		2DDF10EF2111B4C300BBEC35 /* FFMPEGDemo.app */ = {isa = PBXFileReference; explicitFileType = wrapper.application; includeInIndex = 0; path = FFMPEGDemo.app; sourceTree = BUILT_PRODUCTS_DIR; };
		2DDF10F22111B4C300BBEC35 /* AppDelegate.swift */ = {isa = PBXFileReference; lastKnownFileType = sourcecode.swift; path = AppDelegate.swift; sourceTree = "<group>"; };
		2DDF10F42111B4C300BBEC35 /* ViewController.swift */ = {isa = PBXFileReference; lastKnownFileType = sourcecode.swift; path = ViewController.swift; sourceTree = "<group>"; };
		2DDF10F72111B4C300BBEC35 /* Base */ = {isa = PBXFileReference; lastKnownFileType = file.storyboard; name = Base; path = Base.lproj/Main.storyboard; sourceTree = "<group>"; };
		2DDF10F92111B4C400BBEC35 /* Assets.xcassets */ = {isa = PBXFileReference; lastKnownFileType = folder.assetcatalog; path = Assets.xcassets; sourceTree = "<group>"; };
		2DDF10FC2111B4C400BBEC35 /* Base */ = {isa = PBXFileReference; lastKnownFileType = file.storyboard; name = Base; path = Base.lproj/LaunchScreen.storyboard; sourceTree = "<group>"; };
		2DDF10FE2111B4C400BBEC35 /* Info.plist */ = {isa = PBXFileReference; lastKnownFileType = text.plist.xml; path = Info.plist; sourceTree = "<group>"; };
/* End PBXFileReference section */

/* Begin PBXFrameworksBuildPhase section */
		2DDF10EC2111B4C300BBEC35 /* Frameworks */ = {
			isa = PBXFrameworksBuildPhase;
			buildActionMask = 2147483647;
			files = (
				2D03BD6D2111B7EE00E2AC48 /* VideoToolbox.framework in Frameworks */,
				2D03BD6B2111B7E600E2AC48 /* AudioToolbox.framework in Frameworks */,
				2D03BD692111B7C600E2AC48 /* libiconv.tbd in Frameworks */,
				2D03BD672111B7BD00E2AC48 /* libbz2.tbd in Frameworks */,
				2D03BD652111B7B500E2AC48 /* libz.tbd in Frameworks */,
				2D03BD562111B53500E2AC48 /* FFmpeg.framework in Frameworks */,
			);
			runOnlyForDeploymentPostprocessing = 0;
		};
/* End PBXFrameworksBuildPhase section */

/* Begin PBXGroup section */
		2D03BD542111B53500E2AC48 /* Framework */ = {
			isa = PBXGroup;
			children = (
				2D03BD552111B53500E2AC48 /* FFmpeg.framework */,
			);
			path = Framework;
			sourceTree = "<group>";
		};
		2D03BD632111B7B500E2AC48 /* Frameworks */ = {
			isa = PBXGroup;
			children = (
				2D03BD6C2111B7EE00E2AC48 /* VideoToolbox.framework */,
				2D03BD6A2111B7E600E2AC48 /* AudioToolbox.framework */,
				2D03BD682111B7C600E2AC48 /* libiconv.tbd */,
				2D03BD662111B7BD00E2AC48 /* libbz2.tbd */,
				2D03BD642111B7B500E2AC48 /* libz.tbd */,
			);
			name = Frameworks;
			sourceTree = "<group>";
		};
		2DDF10E62111B4C300BBEC35 = {
			isa = PBXGroup;
			children = (
				2DDF10F12111B4C300BBEC35 /* FFMPEGDemo */,
				2DDF10F02111B4C300BBEC35 /* Products */,
				2D03BD632111B7B500E2AC48 /* Frameworks */,
			);
			sourceTree = "<group>";
		};
		2DDF10F02111B4C300BBEC35 /* Products */ = {
			isa = PBXGroup;
			children = (
				2DDF10EF2111B4C300BBEC35 /* FFMPEGDemo.app */,
			);
			name = Products;
			sourceTree = "<group>";
		};
		2DDF10F12111B4C300BBEC35 /* FFMPEGDemo */ = {
			isa = PBXGroup;
			children = (
				2D03BD542111B53500E2AC48 /* Framework */,
				2DDF10F22111B4C300BBEC35 /* AppDelegate.swift */,
				2DDF10F42111B4C300BBEC35 /* ViewController.swift */,
				2DDF10F62111B4C300BBEC35 /* Main.storyboard */,
				2DDF10F92111B4C400BBEC35 /* Assets.xcassets */,
				2DDF10FB2111B4C400BBEC35 /* LaunchScreen.storyboard */,
				2DDF10FE2111B4C400BBEC35 /* Info.plist */,
			);
			path = FFMPEGDemo;
			sourceTree = "<group>";
		};
/* End PBXGroup section */

/* Begin PBXNativeTarget section */
		2DDF10EE2111B4C300BBEC35 /* FFMPEGDemo */ = {
			isa = PBXNativeTarget;
			buildConfigurationList = 2DDF11012111B4C400BBEC35 /* Build configuration list for PBXNativeTarget "FFMPEGDemo" */;
			buildPhases = (
				2DDF10EB2111B4C300BBEC35 /* Sources */,
				2DDF10EC2111B4C300BBEC35 /* Frameworks */,
				2DDF10ED2111B4C300BBEC35 /* Resources */,
				2D03BD5E2111B5D500E2AC48 /* Embed Frameworks */,
			);
			buildRules = (
			);
			dependencies = (
			);
			name = FFMPEGDemo;
			productName = FFMPEGDemo;
			productReference = 2DDF10EF2111B4C300BBEC35 /* FFMPEGDemo.app */;
			productType = "com.apple.product-type.application";
		};
/* End PBXNativeTarget section */

/* Begin PBXProject section */
		2DDF10E72111B4C300BBEC35 /* Project object */ = {
			isa = PBXProject;
			attributes = {
				LastSwiftUpdateCheck = 0940;
				LastUpgradeCheck = 0940;
				ORGANIZATIONNAME = Kila;
				TargetAttributes = {
					2DDF10EE2111B4C300BBEC35 = {
						CreatedOnToolsVersion = 9.4.1;
						LastSwiftMigration = 0940;
					};
				};
			};
			buildConfigurationList = 2DDF10EA2111B4C300BBEC35 /* Build configuration list for PBXProject "FFMPEGDemo" */;
			compatibilityVersion = "Xcode 9.3";
			developmentRegion = en;
			hasScannedForEncodings = 0;
			knownRegions = (
				en,
				Base,
			);
			mainGroup = 2DDF10E62111B4C300BBEC35;
			productRefGroup = 2DDF10F02111B4C300BBEC35 /* Products */;
			projectDirPath = "";
			projectRoot = "";
			targets = (
				2DDF10EE2111B4C300BBEC35 /* FFMPEGDemo */,
			);
		};
/* End PBXProject section */

/* Begin PBXResourcesBuildPhase section */
		2DDF10ED2111B4C300BBEC35 /* Resources */ = {
			isa = PBXResourcesBuildPhase;
			buildActionMask = 2147483647;
			files = (
				2DDF10FD2111B4C400BBEC35 /* LaunchScreen.storyboard in Resources */,
				2DDF10FA2111B4C400BBEC35 /* Assets.xcassets in Resources */,
				2DDF10F82111B4C300BBEC35 /* Main.storyboard in Resources */,
			);
			runOnlyForDeploymentPostprocessing = 0;
		};
/* End PBXResourcesBuildPhase section */

/* Begin PBXSourcesBuildPhase section */
		2DDF10EB2111B4C300BBEC35 /* Sources */ = {
			isa = PBXSourcesBuildPhase;
			buildActionMask = 2147483647;
			files = (
				2DDF10F52111B4C300BBEC35 /* ViewController.swift in Sources */,
				2DDF10F32111B4C300BBEC35 /* AppDelegate.swift in Sources */,
			);
			runOnlyForDeploymentPostprocessing = 0;
		};
/* End PBXSourcesBuildPhase section */

/* Begin PBXVariantGroup section */
		2DDF10F62111B4C300BBEC35 /* Main.storyboard */ = {
			isa = PBXVariantGroup;
			children = (
				2DDF10F72111B4C300BBEC35 /* Base */,
			);
			name = Main.storyboard;
			sourceTree = "<group>";
		};
		2DDF10FB2111B4C400BBEC35 /* LaunchScreen.storyboard */ = {
			isa = PBXVariantGroup;
			children = (
				2DDF10FC2111B4C400BBEC35 /* Base */,
			);
			name = LaunchScreen.storyboard;
			sourceTree = "<group>";
		};
/* End PBXVariantGroup section */

/* Begin XCBuildConfiguration section */
		2DDF10FF2111B4C400BBEC35 /* Debug */ = {
			isa = XCBuildConfiguration;
			buildSettings = {
				ALWAYS_SEARCH_USER_PATHS = NO;
				CLANG_ANALYZER_NONNULL = YES;
				CLANG_ANALYZER_NUMBER_OBJECT_CONVERSION = YES_AGGRESSIVE;
				CLANG_CXX_LANGUAGE_STANDARD = "gnu++14";
				CLANG_CXX_LIBRARY = "libc++";
				CLANG_ENABLE_MODULES = YES;
				CLANG_ENABLE_OBJC_ARC = YES;
				CLANG_ENABLE_OBJC_WEAK = YES;
				CLANG_WARN_BLOCK_CAPTURE_AUTORELEASING = YES;
				CLANG_WARN_BOOL_CONVERSION = YES;
				CLANG_WARN_COMMA = YES;
				CLANG_WARN_CONSTANT_CONVERSION = YES;
				CLANG_WARN_DEPRECATED_OBJC_IMPLEMENTATIONS = YES;
				CLANG_WARN_DIRECT_OBJC_ISA_USAGE = YES_ERROR;
				CLANG_WARN_DOCUMENTATION_COMMENTS = YES;
				CLANG_WARN_EMPTY_BODY = YES;
				CLANG_WARN_ENUM_CONVERSION = YES;
				CLANG_WARN_INFINITE_RECURSION = YES;
				CLANG_WARN_INT_CONVERSION = YES;
				CLANG_WARN_NON_LITERAL_NULL_CONVERSION = YES;
				CLANG_WARN_OBJC_IMPLICIT_RETAIN_SELF = YES;
				CLANG_WARN_OBJC_LITERAL_CONVERSION = YES;
				CLANG_WARN_OBJC_ROOT_CLASS = YES_ERROR;
				CLANG_WARN_RANGE_LOOP_ANALYSIS = YES;
				CLANG_WARN_STRICT_PROTOTYPES = YES;
				CLANG_WARN_SUSPICIOUS_MOVE = YES;
				CLANG_WARN_UNGUARDED_AVAILABILITY = YES_AGGRESSIVE;
				CLANG_WARN_UNREACHABLE_CODE = YES;
				CLANG_WARN__DUPLICATE_METHOD_MATCH = YES;
				CODE_SIGN_IDENTITY = "iPhone Developer";
				COPY_PHASE_STRIP = NO;
				DEBUG_INFORMATION_FORMAT = dwarf;
				ENABLE_STRICT_OBJC_MSGSEND = YES;
				ENABLE_TESTABILITY = YES;
				GCC_C_LANGUAGE_STANDARD = gnu11;
				GCC_DYNAMIC_NO_PIC = NO;
				GCC_NO_COMMON_BLOCKS = YES;
				GCC_OPTIMIZATION_LEVEL = 0;
				GCC_PREPROCESSOR_DEFINITIONS = (
					"DEBUG=1",
					"$(inherited)",
				);
				GCC_WARN_64_TO_32_BIT_CONVERSION = YES;
				GCC_WARN_ABOUT_RETURN_TYPE = YES_ERROR;
				GCC_WARN_UNDECLARED_SELECTOR = YES;
				GCC_WARN_UNINITIALIZED_AUTOS = YES_AGGRESSIVE;
				GCC_WARN_UNUSED_FUNCTION = YES;
				GCC_WARN_UNUSED_VARIABLE = YES;
				IPHONEOS_DEPLOYMENT_TARGET = 11.4;
				MTL_ENABLE_DEBUG_INFO = YES;
				ONLY_ACTIVE_ARCH = YES;
				SDKROOT = iphoneos;
				SWIFT_ACTIVE_COMPILATION_CONDITIONS = DEBUG;
				SWIFT_OPTIMIZATION_LEVEL = "-Onone";
			};
			name = Debug;
		};
		2DDF11002111B4C400BBEC35 /* Release */ = {
			isa = XCBuildConfiguration;
			buildSettings = {
				ALWAYS_SEARCH_USER_PATHS = NO;
				CLANG_ANALYZER_NONNULL = YES;
				CLANG_ANALYZER_NUMBER_OBJECT_CONVERSION = YES_AGGRESSIVE;
				CLANG_CXX_LANGUAGE_STANDARD = "gnu++14";
				CLANG_CXX_LIBRARY = "libc++";
				CLANG_ENABLE_MODULES = YES;
				CLANG_ENABLE_OBJC_ARC = YES;
				CLANG_ENABLE_OBJC_WEAK = YES;
				CLANG_WARN_BLOCK_CAPTURE_AUTORELEASING = YES;
				CLANG_WARN_BOOL_CONVERSION = YES;
				CLANG_WARN_COMMA = YES;
				CLANG_WARN_CONSTANT_CONVERSION = YES;
				CLANG_WARN_DEPRECATED_OBJC_IMPLEMENTATIONS = YES;
				CLANG_WARN_DIRECT_OBJC_ISA_USAGE = YES_ERROR;
				CLANG_WARN_DOCUMENTATION_COMMENTS = YES;
				CLANG_WARN_EMPTY_BODY = YES;
				CLANG_WARN_ENUM_CONVERSION = YES;
				CLANG_WARN_INFINITE_RECURSION = YES;
				CLANG_WARN_INT_CONVERSION = YES;
				CLANG_WARN_NON_LITERAL_NULL_CONVERSION = YES;
				CLANG_WARN_OBJC_IMPLICIT_RETAIN_SELF = YES;
				CLANG_WARN_OBJC_LITERAL_CONVERSION = YES;
				CLANG_WARN_OBJC_ROOT_CLASS = YES_ERROR;
				CLANG_WARN_RANGE_LOOP_ANALYSIS = YES;
				CLANG_WARN_STRICT_PROTOTYPES = YES;
				CLANG_WARN_SUSPICIOUS_MOVE = YES;
				CLANG_WARN_UNGUARDED_AVAILABILITY = YES_AGGRESSIVE;
				CLANG_WARN_UNREACHABLE_CODE = YES;
				CLANG_WARN__DUPLICATE_METHOD_MATCH = YES;
				CODE_SIGN_IDENTITY = "iPhone Developer";
				COPY_PHASE_STRIP = NO;
				DEBUG_INFORMATION_FORMAT = "dwarf-with-dsym";
				ENABLE_NS_ASSERTIONS = NO;
				ENABLE_STRICT_OBJC_MSGSEND = YES;
				GCC_C_LANGUAGE_STANDARD = gnu11;
				GCC_NO_COMMON_BLOCKS = YES;
				GCC_WARN_64_TO_32_BIT_CONVERSION = YES;
				GCC_WARN_ABOUT_RETURN_TYPE = YES_ERROR;
				GCC_WARN_UNDECLARED_SELECTOR = YES;
				GCC_WARN_UNINITIALIZED_AUTOS = YES_AGGRESSIVE;
				GCC_WARN_UNUSED_FUNCTION = YES;
				GCC_WARN_UNUSED_VARIABLE = YES;
				IPHONEOS_DEPLOYMENT_TARGET = 11.4;
				MTL_ENABLE_DEBUG_INFO = NO;
				SDKROOT = iphoneos;
				SWIFT_COMPILATION_MODE = wholemodule;
				SWIFT_OPTIMIZATION_LEVEL = "-O";
				VALIDATE_PRODUCT = YES;
			};
			name = Release;
		};
		2DDF11022111B4C400BBEC35 /* Debug */ = {
			isa = XCBuildConfiguration;
			buildSettings = {
				ASSETCATALOG_COMPILER_APPICON_NAME = AppIcon;
				CLANG_ENABLE_MODULES = YES;
				CODE_SIGN_STYLE = Manual;
				DEVELOPMENT_TEAM = "";
				FRAMEWORK_SEARCH_PATHS = (
					"$(inherited)",
					"$(PROJECT_DIR)/FFMPEGDemo",
					"$(PROJECT_DIR)/FFMPEGDemo/Framework",
				);
				HEADER_SEARCH_PATHS = "";
				INFOPLIST_FILE = FFMPEGDemo/Info.plist;
				IPHONEOS_DEPLOYMENT_TARGET = 8.0;
				LD_RUNPATH_SEARCH_PATHS = (
					"$(inherited)",
					"@executable_path/Frameworks",
				);
				LIBRARY_SEARCH_PATHS = "";
				PRODUCT_BUNDLE_IDENTIFIER = com.kila.FFMPEGDemo;
				PRODUCT_NAME = "$(TARGET_NAME)";
				PROVISIONING_PROFILE_SPECIFIER = "";
				SWIFT_OBJC_BRIDGING_HEADER = "FFMPEGDemo/FFMPEGDemo-Bridging-Header.h";
				SWIFT_OPTIMIZATION_LEVEL = "-Onone";
				SWIFT_VERSION = 4.0;
				TARGETED_DEVICE_FAMILY = "1,2";
			};
			name = Debug;
		};
		2DDF11032111B4C400BBEC35 /* Release */ = {
			isa = XCBuildConfiguration;
			buildSettings = {
				ASSETCATALOG_COMPILER_APPICON_NAME = AppIcon;
				CLANG_ENABLE_MODULES = YES;
				CODE_SIGN_STYLE = Manual;
				DEVELOPMENT_TEAM = "";
				FRAMEWORK_SEARCH_PATHS = (
					"$(inherited)",
					"$(PROJECT_DIR)/FFMPEGDemo",
					"$(PROJECT_DIR)/FFMPEGDemo/Framework",
				);
				HEADER_SEARCH_PATHS = "";
				INFOPLIST_FILE = FFMPEGDemo/Info.plist;
				IPHONEOS_DEPLOYMENT_TARGET = 8.0;
				LD_RUNPATH_SEARCH_PATHS = (
					"$(inherited)",
					"@executable_path/Frameworks",
				);
				LIBRARY_SEARCH_PATHS = "";
				PRODUCT_BUNDLE_IDENTIFIER = com.kila.FFMPEGDemo;
				PRODUCT_NAME = "$(TARGET_NAME)";
				PROVISIONING_PROFILE_SPECIFIER = "";
				SWIFT_OBJC_BRIDGING_HEADER = "FFMPEGDemo/FFMPEGDemo-Bridging-Header.h";
				SWIFT_VERSION = 4.0;
				TARGETED_DEVICE_FAMILY = "1,2";
			};
			name = Release;
		};
/* End XCBuildConfiguration section */

/* Begin XCConfigurationList section */
		2DDF10EA2111B4C300BBEC35 /* Build configuration list for PBXProject "FFMPEGDemo" */ = {
			isa = XCConfigurationList;
			buildConfigurations = (
				2DDF10FF2111B4C400BBEC35 /* Debug */,
				2DDF11002111B4C400BBEC35 /* Release */,
			);
			defaultConfigurationIsVisible = 0;
			defaultConfigurationName = Release;
		};
		2DDF11012111B4C400BBEC35 /* Build configuration list for PBXNativeTarget "FFMPEGDemo" */ = {
			isa = XCConfigurationList;
			buildConfigurations = (
				2DDF11022111B4C400BBEC35 /* Debug */,
				2DDF11032111B4C400BBEC35 /* Release */,
			);
			defaultConfigurationIsVisible = 0;
			defaultConfigurationName = Release;
		};
/* End XCConfigurationList section */
	};
	rootObject = 2DDF10E72111B4C300BBEC35 /* Project object */;
}
